// !$*UTF8*$!
{
	archiveVersion = 1;
	classes = {
	};
	objectVersion = 50;
	objects = {

/* Begin PBXBuildFile section */
		D422CB6821904F660050BA92 /* AppDelegate.swift in Sources */ = {isa = PBXBuildFile; fileRef = D422CB6721904F660050BA92 /* AppDelegate.swift */; };
		D422CB6A21904F660050BA92 /* ViewController.swift in Sources */ = {isa = PBXBuildFile; fileRef = D422CB6921904F660050BA92 /* ViewController.swift */; };
		D422CB6D21904F660050BA92 /* Main.storyboard in Resources */ = {isa = PBXBuildFile; fileRef = D422CB6B21904F660050BA92 /* Main.storyboard */; };
		D422CB6F21904F680050BA92 /* Assets.xcassets in Resources */ = {isa = PBXBuildFile; fileRef = D422CB6E21904F680050BA92 /* Assets.xcassets */; };
		D422CB7221904F680050BA92 /* LaunchScreen.storyboard in Resources */ = {isa = PBXBuildFile; fileRef = D422CB7021904F680050BA92 /* LaunchScreen.storyboard */; };
		D49EEFE5219173AB00FB4379 /* PinCodeInputView.swift in Sources */ = {isa = PBXBuildFile; fileRef = D49EEFE4219173AB00FB4379 /* PinCodeInputView.swift */; };
		D49EEFE921918D7800FB4379 /* String+Validation.swift in Sources */ = {isa = PBXBuildFile; fileRef = D49EEFE821918D7800FB4379 /* String+Validation.swift */; };
/* End PBXBuildFile section */

/* Begin PBXFileReference section */
		D422CB6421904F660050BA92 /* PinCodeInputView.app */ = {isa = PBXFileReference; explicitFileType = wrapper.application; includeInIndex = 0; path = PinCodeInputView.app; sourceTree = BUILT_PRODUCTS_DIR; };
		D422CB6721904F660050BA92 /* AppDelegate.swift */ = {isa = PBXFileReference; lastKnownFileType = sourcecode.swift; path = AppDelegate.swift; sourceTree = "<group>"; };
		D422CB6921904F660050BA92 /* ViewController.swift */ = {isa = PBXFileReference; lastKnownFileType = sourcecode.swift; path = ViewController.swift; sourceTree = "<group>"; };
		D422CB6C21904F660050BA92 /* Base */ = {isa = PBXFileReference; lastKnownFileType = file.storyboard; name = Base; path = Base.lproj/Main.storyboard; sourceTree = "<group>"; };
		D422CB6E21904F680050BA92 /* Assets.xcassets */ = {isa = PBXFileReference; lastKnownFileType = folder.assetcatalog; path = Assets.xcassets; sourceTree = "<group>"; };
		D422CB7121904F680050BA92 /* Base */ = {isa = PBXFileReference; lastKnownFileType = file.storyboard; name = Base; path = Base.lproj/LaunchScreen.storyboard; sourceTree = "<group>"; };
		D422CB7321904F680050BA92 /* Info.plist */ = {isa = PBXFileReference; lastKnownFileType = text.plist.xml; path = Info.plist; sourceTree = "<group>"; };
		D49EEFE4219173AB00FB4379 /* PinCodeInputView.swift */ = {isa = PBXFileReference; lastKnownFileType = sourcecode.swift; path = PinCodeInputView.swift; sourceTree = "<group>"; };
		D49EEFE821918D7800FB4379 /* String+Validation.swift */ = {isa = PBXFileReference; lastKnownFileType = sourcecode.swift; path = "String+Validation.swift"; sourceTree = "<group>"; };
/* End PBXFileReference section */

/* Begin PBXFrameworksBuildPhase section */
		D422CB6121904F660050BA92 /* Frameworks */ = {
			isa = PBXFrameworksBuildPhase;
			buildActionMask = 2147483647;
			files = (
			);
			runOnlyForDeploymentPostprocessing = 0;
		};
/* End PBXFrameworksBuildPhase section */

/* Begin PBXGroup section */
		D422CB5B21904F660050BA92 = {
			isa = PBXGroup;
			children = (
				D422CB6621904F660050BA92 /* PinCodeInputView */,
				D422CB6521904F660050BA92 /* Products */,
			);
			sourceTree = "<group>";
		};
		D422CB6521904F660050BA92 /* Products */ = {
			isa = PBXGroup;
			children = (
				D422CB6421904F660050BA92 /* PinCodeInputView.app */,
			);
			name = Products;
			sourceTree = "<group>";
		};
		D422CB6621904F660050BA92 /* PinCodeInputView */ = {
			isa = PBXGroup;
			children = (
				D422CB6721904F660050BA92 /* AppDelegate.swift */,
				D422CB6921904F660050BA92 /* ViewController.swift */,
				D49EEFE821918D7800FB4379 /* String+Validation.swift */,
				D49EEFE4219173AB00FB4379 /* PinCodeInputView.swift */,
				D422CB6B21904F660050BA92 /* Main.storyboard */,
				D422CB6E21904F680050BA92 /* Assets.xcassets */,
				D422CB7021904F680050BA92 /* LaunchScreen.storyboard */,
				D422CB7321904F680050BA92 /* Info.plist */,
			);
			path = PinCodeInputView;
			sourceTree = "<group>";
		};
/* End PBXGroup section */

/* Begin PBXNativeTarget section */
		D422CB6321904F660050BA92 /* PinCodeInputView */ = {
			isa = PBXNativeTarget;
			buildConfigurationList = D422CB7621904F680050BA92 /* Build configuration list for PBXNativeTarget "PinCodeInputView" */;
			buildPhases = (
				D422CB6021904F660050BA92 /* Sources */,
				D422CB6121904F660050BA92 /* Frameworks */,
				D422CB6221904F660050BA92 /* Resources */,
			);
			buildRules = (
			);
			dependencies = (
			);
			name = PinCodeInputView;
			productName = PinCodeInputView;
			productReference = D422CB6421904F660050BA92 /* PinCodeInputView.app */;
			productType = "com.apple.product-type.application";
		};
/* End PBXNativeTarget section */

/* Begin PBXProject section */
		D422CB5C21904F660050BA92 /* Project object */ = {
			isa = PBXProject;
			attributes = {
				LastSwiftUpdateCheck = 0940;
				LastUpgradeCheck = 0940;
				ORGANIZATIONNAME = "Jinsei Shima";
				TargetAttributes = {
					D422CB6321904F660050BA92 = {
						CreatedOnToolsVersion = 9.4;
					};
				};
			};
			buildConfigurationList = D422CB5F21904F660050BA92 /* Build configuration list for PBXProject "PinCodeInputView" */;
			compatibilityVersion = "Xcode 9.3";
			developmentRegion = en;
			hasScannedForEncodings = 0;
			knownRegions = (
				en,
				Base,
			);
			mainGroup = D422CB5B21904F660050BA92;
			productRefGroup = D422CB6521904F660050BA92 /* Products */;
			projectDirPath = "";
			projectRoot = "";
			targets = (
				D422CB6321904F660050BA92 /* PinCodeInputView */,
			);
		};
/* End PBXProject section */

/* Begin PBXResourcesBuildPhase section */
		D422CB6221904F660050BA92 /* Resources */ = {
			isa = PBXResourcesBuildPhase;
			buildActionMask = 2147483647;
			files = (
				D422CB7221904F680050BA92 /* LaunchScreen.storyboard in Resources */,
				D422CB6F21904F680050BA92 /* Assets.xcassets in Resources */,
				D422CB6D21904F660050BA92 /* Main.storyboard in Resources */,
			);
			runOnlyForDeploymentPostprocessing = 0;
		};
/* End PBXResourcesBuildPhase section */

/* Begin PBXSourcesBuildPhase section */
		D422CB6021904F660050BA92 /* Sources */ = {
			isa = PBXSourcesBuildPhase;
			buildActionMask = 2147483647;
			files = (
				D49EEFE5219173AB00FB4379 /* PinCodeInputView.swift in Sources */,
				D422CB6A21904F660050BA92 /* ViewController.swift in Sources */,
				D422CB6821904F660050BA92 /* AppDelegate.swift in Sources */,
				D49EEFE921918D7800FB4379 /* String+Validation.swift in Sources */,
			);
			runOnlyForDeploymentPostprocessing = 0;
		};
/* End PBXSourcesBuildPhase section */

/* Begin PBXVariantGroup section */
		D422CB6B21904F660050BA92 /* Main.storyboard */ = {
			isa = PBXVariantGroup;
			children = (
				D422CB6C21904F660050BA92 /* Base */,
			);
			name = Main.storyboard;
			sourceTree = "<group>";
		};
		D422CB7021904F680050BA92 /* LaunchScreen.storyboard */ = {
			isa = PBXVariantGroup;
			children = (
				D422CB7121904F680050BA92 /* Base */,
			);
			name = LaunchScreen.storyboard;
			sourceTree = "<group>";
		};
/* End PBXVariantGroup section */

/* Begin XCBuildConfiguration section */
		D422CB7421904F680050BA92 /* Debug */ = {
			isa = XCBuildConfiguration;
			buildSettings = {
				ALWAYS_SEARCH_USER_PATHS = NO;
				CLANG_ANALYZER_NONNULL = YES;
				CLANG_ANALYZER_NUMBER_OBJECT_CONVERSION = YES_AGGRESSIVE;
				CLANG_CXX_LANGUAGE_STANDARD = "gnu++14";
				CLANG_CXX_LIBRARY = "libc++";
				CLANG_ENABLE_MODULES = YES;
				CLANG_ENABLE_OBJC_ARC = YES;
				CLANG_ENABLE_OBJC_WEAK = YES;
				CLANG_WARN_BLOCK_CAPTURE_AUTORELEASING = YES;
				CLANG_WARN_BOOL_CONVERSION = YES;
				CLANG_WARN_COMMA = YES;
				CLANG_WARN_CONSTANT_CONVERSION = YES;
				CLANG_WARN_DEPRECATED_OBJC_IMPLEMENTATIONS = YES;
				CLANG_WARN_DIRECT_OBJC_ISA_USAGE = YES_ERROR;
				CLANG_WARN_DOCUMENTATION_COMMENTS = YES;
				CLANG_WARN_EMPTY_BODY = YES;
				CLANG_WARN_ENUM_CONVERSION = YES;
				CLANG_WARN_INFINITE_RECURSION = YES;
				CLANG_WARN_INT_CONVERSION = YES;
				CLANG_WARN_NON_LITERAL_NULL_CONVERSION = YES;
				CLANG_WARN_OBJC_IMPLICIT_RETAIN_SELF = YES;
				CLANG_WARN_OBJC_LITERAL_CONVERSION = YES;
				CLANG_WARN_OBJC_ROOT_CLASS = YES_ERROR;
				CLANG_WARN_RANGE_LOOP_ANALYSIS = YES;
				CLANG_WARN_STRICT_PROTOTYPES = YES;
				CLANG_WARN_SUSPICIOUS_MOVE = YES;
				CLANG_WARN_UNGUARDED_AVAILABILITY = YES_AGGRESSIVE;
				CLANG_WARN_UNREACHABLE_CODE = YES;
				CLANG_WARN__DUPLICATE_METHOD_MATCH = YES;
				CODE_SIGN_IDENTITY = "iPhone Developer";
				COPY_PHASE_STRIP = NO;
				DEBUG_INFORMATION_FORMAT = dwarf;
				ENABLE_STRICT_OBJC_MSGSEND = YES;
				ENABLE_TESTABILITY = YES;
				GCC_C_LANGUAGE_STANDARD = gnu11;
				GCC_DYNAMIC_NO_PIC = NO;
				GCC_NO_COMMON_BLOCKS = YES;
				GCC_OPTIMIZATION_LEVEL = 0;
				GCC_PREPROCESSOR_DEFINITIONS = (
					"DEBUG=1",
					"$(inherited)",
				);
				GCC_WARN_64_TO_32_BIT_CONVERSION = YES;
				GCC_WARN_ABOUT_RETURN_TYPE = YES_ERROR;
				GCC_WARN_UNDECLARED_SELECTOR = YES;
				GCC_WARN_UNINITIALIZED_AUTOS = YES_AGGRESSIVE;
				GCC_WARN_UNUSED_FUNCTION = YES;
				GCC_WARN_UNUSED_VARIABLE = YES;
				IPHONEOS_DEPLOYMENT_TARGET = 11.4;
				MTL_ENABLE_DEBUG_INFO = YES;
				ONLY_ACTIVE_ARCH = YES;
				SDKROOT = iphoneos;
				SWIFT_ACTIVE_COMPILATION_CONDITIONS = DEBUG;
				SWIFT_OPTIMIZATION_LEVEL = "-Onone";
			};
			name = Debug;
		};
		D422CB7521904F680050BA92 /* Release */ = {
			isa = XCBuildConfiguration;
			buildSettings = {
				ALWAYS_SEARCH_USER_PATHS = NO;
				CLANG_ANALYZER_NONNULL = YES;
				CLANG_ANALYZER_NUMBER_OBJECT_CONVERSION = YES_AGGRESSIVE;
				CLANG_CXX_LANGUAGE_STANDARD = "gnu++14";
				CLANG_CXX_LIBRARY = "libc++";
				CLANG_ENABLE_MODULES = YES;
				CLANG_ENABLE_OBJC_ARC = YES;
				CLANG_ENABLE_OBJC_WEAK = YES;
				CLANG_WARN_BLOCK_CAPTURE_AUTORELEASING = YES;
				CLANG_WARN_BOOL_CONVERSION = YES;
				CLANG_WARN_COMMA = YES;
				CLANG_WARN_CONSTANT_CONVERSION = YES;
				CLANG_WARN_DEPRECATED_OBJC_IMPLEMENTATIONS = YES;
				CLANG_WARN_DIRECT_OBJC_ISA_USAGE = YES_ERROR;
				CLANG_WARN_DOCUMENTATION_COMMENTS = YES;
				CLANG_WARN_EMPTY_BODY = YES;
				CLANG_WARN_ENUM_CONVERSION = YES;
				CLANG_WARN_INFINITE_RECURSION = YES;
				CLANG_WARN_INT_CONVERSION = YES;
				CLANG_WARN_NON_LITERAL_NULL_CONVERSION = YES;
				CLANG_WARN_OBJC_IMPLICIT_RETAIN_SELF = YES;
				CLANG_WARN_OBJC_LITERAL_CONVERSION = YES;
				CLANG_WARN_OBJC_ROOT_CLASS = YES_ERROR;
				CLANG_WARN_RANGE_LOOP_ANALYSIS = YES;
				CLANG_WARN_STRICT_PROTOTYPES = YES;
				CLANG_WARN_SUSPICIOUS_MOVE = YES;
				CLANG_WARN_UNGUARDED_AVAILABILITY = YES_AGGRESSIVE;
				CLANG_WARN_UNREACHABLE_CODE = YES;
				CLANG_WARN__DUPLICATE_METHOD_MATCH = YES;
				CODE_SIGN_IDENTITY = "iPhone Developer";
				COPY_PHASE_STRIP = NO;
				DEBUG_INFORMATION_FORMAT = "dwarf-with-dsym";
				ENABLE_NS_ASSERTIONS = NO;
				ENABLE_STRICT_OBJC_MSGSEND = YES;
				GCC_C_LANGUAGE_STANDARD = gnu11;
				GCC_NO_COMMON_BLOCKS = YES;
				GCC_WARN_64_TO_32_BIT_CONVERSION = YES;
				GCC_WARN_ABOUT_RETURN_TYPE = YES_ERROR;
				GCC_WARN_UNDECLARED_SELECTOR = YES;
				GCC_WARN_UNINITIALIZED_AUTOS = YES_AGGRESSIVE;
				GCC_WARN_UNUSED_FUNCTION = YES;
				GCC_WARN_UNUSED_VARIABLE = YES;
				IPHONEOS_DEPLOYMENT_TARGET = 11.4;
				MTL_ENABLE_DEBUG_INFO = NO;
				SDKROOT = iphoneos;
				SWIFT_COMPILATION_MODE = wholemodule;
				SWIFT_OPTIMIZATION_LEVEL = "-O";
				VALIDATE_PRODUCT = YES;
			};
			name = Release;
		};
		D422CB7721904F680050BA92 /* Debug */ = {
			isa = XCBuildConfiguration;
			buildSettings = {
				ASSETCATALOG_COMPILER_APPICON_NAME = AppIcon;
				CODE_SIGN_STYLE = Automatic;
				INFOPLIST_FILE = PinCodeInputView/Info.plist;
				LD_RUNPATH_SEARCH_PATHS = (
					"$(inherited)",
					"@executable_path/Frameworks",
				);
				PRODUCT_BUNDLE_IDENTIFIER = jp.eure.reception.PinCodeInputView;
				PRODUCT_NAME = "$(TARGET_NAME)";
				SWIFT_VERSION = 4.0;
				TARGETED_DEVICE_FAMILY = "1,2";
			};
			name = Debug;
		};
		D422CB7821904F680050BA92 /* Release */ = {
			isa = XCBuildConfiguration;
			buildSettings = {
				ASSETCATALOG_COMPILER_APPICON_NAME = AppIcon;
				CODE_SIGN_STYLE = Automatic;
				INFOPLIST_FILE = PinCodeInputView/Info.plist;
				LD_RUNPATH_SEARCH_PATHS = (
					"$(inherited)",
					"@executable_path/Frameworks",
				);
				PRODUCT_BUNDLE_IDENTIFIER = jp.eure.reception.PinCodeInputView;
				PRODUCT_NAME = "$(TARGET_NAME)";
				SWIFT_VERSION = 4.0;
				TARGETED_DEVICE_FAMILY = "1,2";
			};
			name = Release;
		};
/* End XCBuildConfiguration section */

/* Begin XCConfigurationList section */
		D422CB5F21904F660050BA92 /* Build configuration list for PBXProject "PinCodeInputView" */ = {
			isa = XCConfigurationList;
			buildConfigurations = (
				D422CB7421904F680050BA92 /* Debug */,
				D422CB7521904F680050BA92 /* Release */,
			);
			defaultConfigurationIsVisible = 0;
			defaultConfigurationName = Release;
		};
		D422CB7621904F680050BA92 /* Build configuration list for PBXNativeTarget "PinCodeInputView" */ = {
			isa = XCConfigurationList;
			buildConfigurations = (
				D422CB7721904F680050BA92 /* Debug */,
				D422CB7821904F680050BA92 /* Release */,
			);
			defaultConfigurationIsVisible = 0;
			defaultConfigurationName = Release;
		};
/* End XCConfigurationList section */
	};
	rootObject = D422CB5C21904F660050BA92 /* Project object */;
}
